{
    "_readme": [
        "This file locks the dependencies of your project to a known state",
        "Read more about it at https://getcomposer.org/doc/01-basic-usage.md#composer-lock-the-lock-file",
        "This file is @generated automatically"
    ],
    "content-hash": "fcbe06f54a048298c0f1df2d7b69f8fb",
    "packages": [
        {
            "name": "nikic/fast-route",
            "version": "v1.3.0",
            "source": {
                "type": "git",
                "url": "https://github.com/nikic/FastRoute.git",
                "reference": "181d480e08d9476e61381e04a71b34dc0432e812"
            },
            "dist": {
                "type": "zip",
                "url": "https://api.github.com/repos/nikic/FastRoute/zipball/181d480e08d9476e61381e04a71b34dc0432e812",
                "reference": "181d480e08d9476e61381e04a71b34dc0432e812",
                "shasum": ""
            },
            "require": {
                "php": ">=5.4.0"
            },
            "require-dev": {
                "phpunit/phpunit": "^4.8.35|~5.7"
            },
            "type": "library",
            "autoload": {
                "psr-4": {
                    "FastRoute\\": "src/"
                },
                "files": [
                    "src/functions.php"
                ]
            },
            "notification-url": "https://packagist.org/downloads/",
            "license": [
                "BSD-3-Clause"
            ],
            "authors": [
                {
                    "name": "Nikita Popov",
                    "email": "nikic@php.net"
                }
            ],
            "description": "Fast request router for PHP",
            "keywords": [
                "router",
                "routing"
            ],
            "time": "2018-02-13T20:26:39+00:00"
        }
    ],
    "packages-dev": [
        {
            "name": "copyrenzhe/phptaf-ide-helper",
            "version": "dev-master",
            "source": {
                "type": "git",
                "url": "https://github.com/yuewenweb/phptaf-ide-helper.git",
                "reference": "2b44979f8710b3d6d4a5748f011b15eaeefc50d7"
            },
            "dist": {
                "type": "zip",
                "url": "https://api.github.com/repos/yuewenweb/phptaf-ide-helper/zipball/2b44979f8710b3d6d4a5748f011b15eaeefc50d7",
                "reference": "2b44979f8710b3d6d4a5748f011b15eaeefc50d7",
                "shasum": ""
            },
            "require": {
                "php": ">=5.5.30"
            },
            "type": "library",
            "autoload": {
                "psr-4": {
                    "\\": "src/"
                }
            },
            "notification-url": "https://packagist.org/downloads/",
            "license": [
                "MIT"
            ],
            "authors": [
                {
                    "name": "copyrenzhe",
                    "email": "copyrenzhe@gmail.com"
                }
            ],
            "description": "Phptaf IDE Helper, generates classes and functions, to improve auto-completion",
            "keywords": [
                "TAF",
                "helper",
                "ide",
                "jce",
                "phpstorm",
                "phptaf"
            ],
            "time": "2017-06-09T04:39:44+00:00"
        }
    ],
    "aliases": [],
    "minimum-stability": "stable",
    "stability-flags": {
        "copyrenzhe/phptaf-ide-helper": 20
    },
    "prefer-stable": false,
    "prefer-lowest": false,
    "platform": {
        "php": ">=7.0.0"
    },
    "platform-dev": []
}
